
Microsoft Visual Studio Solution File, Format Version 12.00
# Visual Studio 15
VisualStudioVersion = 15.0.27130.2027
MinimumVisualStudioVersion = 10.0.40219.1
Project("{9A19103F-16F7-4668-BE54-9A1E7A4F7556}") = "UPCTaggingInterface", "UPCTaggingInterface\UPCTaggingInterface.csproj", "{D2C58B38-C07F-45AC-A544-D24F486F80C1}"
EndProject
Project("{2150E333-8FDC-42A3-9474-1A3956D46DE8}") = "Business", "Business", "{468DC81B-CF26-4B89-9290-E1CD94C9C259}"
EndProject
Project("{2150E333-8FDC-42A3-9474-1A3956D46DE8}") = "Common", "Common", "{FA55E80A-AA71-478C-8808-D42A465DF433}"
EndProject
Project("{2150E333-8FDC-42A3-9474-1A3956D46DE8}") = "Core", "Core", "{F04F3644-6FEB-40EF-8FAE-58E73D75EFAD}"
EndProject
Project("{2150E333-8FDC-42A3-9474-1A3956D46DE8}") = "DataAccess", "DataAccess", "{CAB0B1C9-0836-4F73-90D9-DD36110B2DB0}"
EndProject
Project("{2150E333-8FDC-42A3-9474-1A3956D46DE8}") = "Entities", "Entities", "{E36F2843-4A50-4114-9F2F-F6127A80684D}"
EndProject
Project("{9A19103F-16F7-4668-BE54-9A1E7A4F7556}") = "IBusiness", "IBusiness\IBusiness.csproj", "{074B2173-60A8-4590-9E97-66E74F433998}"
EndProject
Project("{9A19103F-16F7-4668-BE54-9A1E7A4F7556}") = "BusinessProvider", "BusinessProvider\BusinessProvider.csproj", "{1A1EEA4E-1421-4C4A-B0F5-2EA2933F7181}"
EndProject
Project("{9A19103F-16F7-4668-BE54-9A1E7A4F7556}") = "CommonEntities", "CommonEntities\CommonEntities.csproj", "{E0A1902D-2D15-42EE-AC6D-CBBD04F51DDE}"
EndProject
Project("{9A19103F-16F7-4668-BE54-9A1E7A4F7556}") = "ServiceConfiguration", "ServiceConfiguration\ServiceConfiguration.csproj", "{1B7C0129-C567-4AA0-82A1-1787B538B268}"
EndProject
Project("{9A19103F-16F7-4668-BE54-9A1E7A4F7556}") = "IRepository", "IRepository\IRepository.csproj", "{677683EE-2475-4746-953A-3C9199D4202D}"
EndProject
Project("{9A19103F-16F7-4668-BE54-9A1E7A4F7556}") = "Repository", "Repository\Repository.csproj", "{24BB06F8-D76C-45D6-89B8-28925F4D1A67}"
EndProject
Project("{9A19103F-16F7-4668-BE54-9A1E7A4F7556}") = "Business.Entities", "Business.Entities\Business.Entities.csproj", "{CE8BA465-8E12-48F4-A99F-CB72103CECB8}"
EndProject
Project("{9A19103F-16F7-4668-BE54-9A1E7A4F7556}") = "Repositories.Entities", "Repositories.Entities\Repositories.Entities.csproj", "{EB8B45D6-8786-48A0-BCF3-8B6FD5F934E2}"
EndProject
Project("{9A19103F-16F7-4668-BE54-9A1E7A4F7556}") = "ViewModel.Entities", "ViewModel.Entities\ViewModel.Entities.csproj", "{E88BBC53-CFDC-4F5D-B713-B552CA52C61B}"
EndProject
Global
	GlobalSection(SolutionConfigurationPlatforms) = preSolution
		Debug|Any CPU = Debug|Any CPU
		Release|Any CPU = Release|Any CPU
	EndGlobalSection
	GlobalSection(ProjectConfigurationPlatforms) = postSolution
		{D2C58B38-C07F-45AC-A544-D24F486F80C1}.Debug|Any CPU.ActiveCfg = Debug|Any CPU
		{D2C58B38-C07F-45AC-A544-D24F486F80C1}.Debug|Any CPU.Build.0 = Debug|Any CPU
		{D2C58B38-C07F-45AC-A544-D24F486F80C1}.Release|Any CPU.ActiveCfg = Release|Any CPU
		{D2C58B38-C07F-45AC-A544-D24F486F80C1}.Release|Any CPU.Build.0 = Release|Any CPU
		{074B2173-60A8-4590-9E97-66E74F433998}.Debug|Any CPU.ActiveCfg = Debug|Any CPU
		{074B2173-60A8-4590-9E97-66E74F433998}.Debug|Any CPU.Build.0 = Debug|Any CPU
		{074B2173-60A8-4590-9E97-66E74F433998}.Release|Any CPU.ActiveCfg = Release|Any CPU
		{074B2173-60A8-4590-9E97-66E74F433998}.Release|Any CPU.Build.0 = Release|Any CPU
		{1A1EEA4E-1421-4C4A-B0F5-2EA2933F7181}.Debug|Any CPU.ActiveCfg = Debug|Any CPU
		{1A1EEA4E-1421-4C4A-B0F5-2EA2933F7181}.Debug|Any CPU.Build.0 = Debug|Any CPU
		{1A1EEA4E-1421-4C4A-B0F5-2EA2933F7181}.Release|Any CPU.ActiveCfg = Release|Any CPU
		{1A1EEA4E-1421-4C4A-B0F5-2EA2933F7181}.Release|Any CPU.Build.0 = Release|Any CPU
		{E0A1902D-2D15-42EE-AC6D-CBBD04F51DDE}.Debug|Any CPU.ActiveCfg = Debug|Any CPU
		{E0A1902D-2D15-42EE-AC6D-CBBD04F51DDE}.Debug|Any CPU.Build.0 = Debug|Any CPU
		{E0A1902D-2D15-42EE-AC6D-CBBD04F51DDE}.Release|Any CPU.ActiveCfg = Release|Any CPU
		{E0A1902D-2D15-42EE-AC6D-CBBD04F51DDE}.Release|Any CPU.Build.0 = Release|Any CPU
		{1B7C0129-C567-4AA0-82A1-1787B538B268}.Debug|Any CPU.ActiveCfg = Debug|Any CPU
		{1B7C0129-C567-4AA0-82A1-1787B538B268}.Debug|Any CPU.Build.0 = Debug|Any CPU
		{1B7C0129-C567-4AA0-82A1-1787B538B268}.Release|Any CPU.ActiveCfg = Release|Any CPU
		{1B7C0129-C567-4AA0-82A1-1787B538B268}.Release|Any CPU.Build.0 = Release|Any CPU
		{677683EE-2475-4746-953A-3C9199D4202D}.Debug|Any CPU.ActiveCfg = Debug|Any CPU
		{677683EE-2475-4746-953A-3C9199D4202D}.Debug|Any CPU.Build.0 = Debug|Any CPU
		{677683EE-2475-4746-953A-3C9199D4202D}.Release|Any CPU.ActiveCfg = Release|Any CPU
		{677683EE-2475-4746-953A-3C9199D4202D}.Release|Any CPU.Build.0 = Release|Any CPU
		{24BB06F8-D76C-45D6-89B8-28925F4D1A67}.Debug|Any CPU.ActiveCfg = Debug|Any CPU
		{24BB06F8-D76C-45D6-89B8-28925F4D1A67}.Debug|Any CPU.Build.0 = Debug|Any CPU
		{24BB06F8-D76C-45D6-89B8-28925F4D1A67}.Release|Any CPU.ActiveCfg = Release|Any CPU
		{24BB06F8-D76C-45D6-89B8-28925F4D1A67}.Release|Any CPU.Build.0 = Release|Any CPU
		{CE8BA465-8E12-48F4-A99F-CB72103CECB8}.Debug|Any CPU.ActiveCfg = Debug|Any CPU
		{CE8BA465-8E12-48F4-A99F-CB72103CECB8}.Debug|Any CPU.Build.0 = Debug|Any CPU
		{CE8BA465-8E12-48F4-A99F-CB72103CECB8}.Release|Any CPU.ActiveCfg = Release|Any CPU
		{CE8BA465-8E12-48F4-A99F-CB72103CECB8}.Release|Any CPU.Build.0 = Release|Any CPU
		{EB8B45D6-8786-48A0-BCF3-8B6FD5F934E2}.Debug|Any CPU.ActiveCfg = Debug|Any CPU
		{EB8B45D6-8786-48A0-BCF3-8B6FD5F934E2}.Debug|Any CPU.Build.0 = Debug|Any CPU
		{EB8B45D6-8786-48A0-BCF3-8B6FD5F934E2}.Release|Any CPU.ActiveCfg = Release|Any CPU
		{EB8B45D6-8786-48A0-BCF3-8B6FD5F934E2}.Release|Any CPU.Build.0 = Release|Any CPU
		{E88BBC53-CFDC-4F5D-B713-B552CA52C61B}.Debug|Any CPU.ActiveCfg = Debug|Any CPU
		{E88BBC53-CFDC-4F5D-B713-B552CA52C61B}.Debug|Any CPU.Build.0 = Debug|Any CPU
		{E88BBC53-CFDC-4F5D-B713-B552CA52C61B}.Release|Any CPU.ActiveCfg = Release|Any CPU
		{E88BBC53-CFDC-4F5D-B713-B552CA52C61B}.Release|Any CPU.Build.0 = Release|Any CPU
	EndGlobalSection
	GlobalSection(SolutionProperties) = preSolution
		HideSolutionNode = FALSE
	EndGlobalSection
	GlobalSection(NestedProjects) = preSolution
		{074B2173-60A8-4590-9E97-66E74F433998} = {468DC81B-CF26-4B89-9290-E1CD94C9C259}
		{1A1EEA4E-1421-4C4A-B0F5-2EA2933F7181} = {468DC81B-CF26-4B89-9290-E1CD94C9C259}
		{E0A1902D-2D15-42EE-AC6D-CBBD04F51DDE} = {FA55E80A-AA71-478C-8808-D42A465DF433}
		{1B7C0129-C567-4AA0-82A1-1787B538B268} = {F04F3644-6FEB-40EF-8FAE-58E73D75EFAD}
		{677683EE-2475-4746-953A-3C9199D4202D} = {CAB0B1C9-0836-4F73-90D9-DD36110B2DB0}
		{24BB06F8-D76C-45D6-89B8-28925F4D1A67} = {CAB0B1C9-0836-4F73-90D9-DD36110B2DB0}
		{CE8BA465-8E12-48F4-A99F-CB72103CECB8} = {E36F2843-4A50-4114-9F2F-F6127A80684D}
		{EB8B45D6-8786-48A0-BCF3-8B6FD5F934E2} = {E36F2843-4A50-4114-9F2F-F6127A80684D}
		{E88BBC53-CFDC-4F5D-B713-B552CA52C61B} = {E36F2843-4A50-4114-9F2F-F6127A80684D}
	EndGlobalSection
	GlobalSection(ExtensibilityGlobals) = postSolution
		SolutionGuid = {77889EC2-BB8A-4F06-82D6-30600F43569E}
	EndGlobalSection
EndGlobal
